// !$*UTF8*$!
{
	archiveVersion = 1;
	classes = {
	};
	objectVersion = 50;
	objects = {

/* Begin PBXBuildFile section */
		4BC14F702737B65800FC0153 /* AppDelegate.swift in Sources */ = {isa = PBXBuildFile; fileRef = 4BC14F6F2737B65800FC0153 /* AppDelegate.swift */; };
		4BC14F722737B65800FC0153 /* SceneDelegate.swift in Sources */ = {isa = PBXBuildFile; fileRef = 4BC14F712737B65800FC0153 /* SceneDelegate.swift */; };
		4BC14F742737B65800FC0153 /* ViewController.swift in Sources */ = {isa = PBXBuildFile; fileRef = 4BC14F732737B65800FC0153 /* ViewController.swift */; };
		4BC14F772737B65800FC0153 /* Main.storyboard in Resources */ = {isa = PBXBuildFile; fileRef = 4BC14F752737B65800FC0153 /* Main.storyboard */; };
		4BC14F7A2737B65800FC0153 /* BullsAndCows.xcdatamodeld in Sources */ = {isa = PBXBuildFile; fileRef = 4BC14F782737B65800FC0153 /* BullsAndCows.xcdatamodeld */; };
		4BC14F7C2737B65900FC0153 /* Assets.xcassets in Resources */ = {isa = PBXBuildFile; fileRef = 4BC14F7B2737B65900FC0153 /* Assets.xcassets */; };
		4BC14F7F2737B65900FC0153 /* LaunchScreen.storyboard in Resources */ = {isa = PBXBuildFile; fileRef = 4BC14F7D2737B65900FC0153 /* LaunchScreen.storyboard */; };
		4BC14F882737B6A100FC0153 /* wordList.swift in Sources */ = {isa = PBXBuildFile; fileRef = 4BC14F872737B6A100FC0153 /* wordList.swift */; };
		4BC14F8B2737B94400FC0153 /* WordChooser.swift in Sources */ = {isa = PBXBuildFile; fileRef = 4BC14F8A2737B94400FC0153 /* WordChooser.swift */; };
/* End PBXBuildFile section */

/* Begin PBXFileReference section */
		4BC14F6C2737B65800FC0153 /* BullsAndCows.app */ = {isa = PBXFileReference; explicitFileType = wrapper.application; includeInIndex = 0; path = BullsAndCows.app; sourceTree = BUILT_PRODUCTS_DIR; };
		4BC14F6F2737B65800FC0153 /* AppDelegate.swift */ = {isa = PBXFileReference; lastKnownFileType = sourcecode.swift; path = AppDelegate.swift; sourceTree = "<group>"; };
		4BC14F712737B65800FC0153 /* SceneDelegate.swift */ = {isa = PBXFileReference; lastKnownFileType = sourcecode.swift; path = SceneDelegate.swift; sourceTree = "<group>"; };
		4BC14F732737B65800FC0153 /* ViewController.swift */ = {isa = PBXFileReference; lastKnownFileType = sourcecode.swift; path = ViewController.swift; sourceTree = "<group>"; };
		4BC14F762737B65800FC0153 /* Base */ = {isa = PBXFileReference; lastKnownFileType = file.storyboard; name = Base; path = Base.lproj/Main.storyboard; sourceTree = "<group>"; };
		4BC14F792737B65800FC0153 /* BullsAndCows.xcdatamodel */ = {isa = PBXFileReference; lastKnownFileType = wrapper.xcdatamodel; path = BullsAndCows.xcdatamodel; sourceTree = "<group>"; };
		4BC14F7B2737B65900FC0153 /* Assets.xcassets */ = {isa = PBXFileReference; lastKnownFileType = folder.assetcatalog; path = Assets.xcassets; sourceTree = "<group>"; };
		4BC14F7E2737B65900FC0153 /* Base */ = {isa = PBXFileReference; lastKnownFileType = file.storyboard; name = Base; path = Base.lproj/LaunchScreen.storyboard; sourceTree = "<group>"; };
		4BC14F802737B65900FC0153 /* Info.plist */ = {isa = PBXFileReference; lastKnownFileType = text.plist.xml; path = Info.plist; sourceTree = "<group>"; };
		4BC14F872737B6A100FC0153 /* wordList.swift */ = {isa = PBXFileReference; lastKnownFileType = sourcecode.swift; path = wordList.swift; sourceTree = "<group>"; };
		4BC14F8A2737B94400FC0153 /* WordChooser.swift */ = {isa = PBXFileReference; lastKnownFileType = sourcecode.swift; path = WordChooser.swift; sourceTree = "<group>"; };
/* End PBXFileReference section */

/* Begin PBXFrameworksBuildPhase section */
		4BC14F692737B65800FC0153 /* Frameworks */ = {
			isa = PBXFrameworksBuildPhase;
			buildActionMask = 2147483647;
			files = (
			);
			runOnlyForDeploymentPostprocessing = 0;
		};
/* End PBXFrameworksBuildPhase section */

/* Begin PBXGroup section */
		4BC14F632737B65800FC0153 = {
			isa = PBXGroup;
			children = (
				4BC14F6E2737B65800FC0153 /* BullsAndCows */,
				4BC14F6D2737B65800FC0153 /* Products */,
			);
			sourceTree = "<group>";
		};
		4BC14F6D2737B65800FC0153 /* Products */ = {
			isa = PBXGroup;
			children = (
				4BC14F6C2737B65800FC0153 /* BullsAndCows.app */,
			);
			name = Products;
			sourceTree = "<group>";
		};
		4BC14F6E2737B65800FC0153 /* BullsAndCows */ = {
			isa = PBXGroup;
			children = (
				4BC14F6F2737B65800FC0153 /* AppDelegate.swift */,
				4BC14F712737B65800FC0153 /* SceneDelegate.swift */,
				4BC14F732737B65800FC0153 /* ViewController.swift */,
				4BC14F752737B65800FC0153 /* Main.storyboard */,
				4BC14F872737B6A100FC0153 /* wordList.swift */,
				4BC14F8A2737B94400FC0153 /* WordChooser.swift */,
				4BC14F7B2737B65900FC0153 /* Assets.xcassets */,
				4BC14F7D2737B65900FC0153 /* LaunchScreen.storyboard */,
				4BC14F802737B65900FC0153 /* Info.plist */,
				4BC14F782737B65800FC0153 /* BullsAndCows.xcdatamodeld */,
			);
			path = BullsAndCows;
			sourceTree = "<group>";
		};
/* End PBXGroup section */

/* Begin PBXNativeTarget section */
		4BC14F6B2737B65800FC0153 /* BullsAndCows */ = {
			isa = PBXNativeTarget;
			buildConfigurationList = 4BC14F832737B65900FC0153 /* Build configuration list for PBXNativeTarget "BullsAndCows" */;
			buildPhases = (
				4BC14F682737B65800FC0153 /* Sources */,
				4BC14F692737B65800FC0153 /* Frameworks */,
				4BC14F6A2737B65800FC0153 /* Resources */,
			);
			buildRules = (
			);
			dependencies = (
			);
			name = BullsAndCows;
			productName = BullsAndCows;
			productReference = 4BC14F6C2737B65800FC0153 /* BullsAndCows.app */;
			productType = "com.apple.product-type.application";
		};
/* End PBXNativeTarget section */

/* Begin PBXProject section */
		4BC14F642737B65800FC0153 /* Project object */ = {
			isa = PBXProject;
			attributes = {
				LastSwiftUpdateCheck = 1240;
				LastUpgradeCheck = 1240;
				TargetAttributes = {
					4BC14F6B2737B65800FC0153 = {
						CreatedOnToolsVersion = 12.4;
					};
				};
			};
			buildConfigurationList = 4BC14F672737B65800FC0153 /* Build configuration list for PBXProject "BullsAndCows" */;
			compatibilityVersion = "Xcode 9.3";
			developmentRegion = en;
			hasScannedForEncodings = 0;
			knownRegions = (
				en,
				Base,
			);
			mainGroup = 4BC14F632737B65800FC0153;
			productRefGroup = 4BC14F6D2737B65800FC0153 /* Products */;
			projectDirPath = "";
			projectRoot = "";
			targets = (
				4BC14F6B2737B65800FC0153 /* BullsAndCows */,
			);
		};
/* End PBXProject section */

/* Begin PBXResourcesBuildPhase section */
		4BC14F6A2737B65800FC0153 /* Resources */ = {
			isa = PBXResourcesBuildPhase;
			buildActionMask = 2147483647;
			files = (
				4BC14F7F2737B65900FC0153 /* LaunchScreen.storyboard in Resources */,
				4BC14F7C2737B65900FC0153 /* Assets.xcassets in Resources */,
				4BC14F772737B65800FC0153 /* Main.storyboard in Resources */,
			);
			runOnlyForDeploymentPostprocessing = 0;
		};
/* End PBXResourcesBuildPhase section */

/* Begin PBXSourcesBuildPhase section */
		4BC14F682737B65800FC0153 /* Sources */ = {
			isa = PBXSourcesBuildPhase;
			buildActionMask = 2147483647;
			files = (
				4BC14F742737B65800FC0153 /* ViewController.swift in Sources */,
				4BC14F8B2737B94400FC0153 /* WordChooser.swift in Sources */,
				4BC14F702737B65800FC0153 /* AppDelegate.swift in Sources */,
				4BC14F7A2737B65800FC0153 /* BullsAndCows.xcdatamodeld in Sources */,
				4BC14F722737B65800FC0153 /* SceneDelegate.swift in Sources */,
				4BC14F882737B6A100FC0153 /* wordList.swift in Sources */,
			);
			runOnlyForDeploymentPostprocessing = 0;
		};
/* End PBXSourcesBuildPhase section */

/* Begin PBXVariantGroup section */
		4BC14F752737B65800FC0153 /* Main.storyboard */ = {
			isa = PBXVariantGroup;
			children = (
				4BC14F762737B65800FC0153 /* Base */,
			);
			name = Main.storyboard;
			sourceTree = "<group>";
		};
		4BC14F7D2737B65900FC0153 /* LaunchScreen.storyboard */ = {
			isa = PBXVariantGroup;
			children = (
				4BC14F7E2737B65900FC0153 /* Base */,
			);
			name = LaunchScreen.storyboard;
			sourceTree = "<group>";
		};
/* End PBXVariantGroup section */

/* Begin XCBuildConfiguration section */
		4BC14F812737B65900FC0153 /* Debug */ = {
			isa = XCBuildConfiguration;
			buildSettings = {
				ALWAYS_SEARCH_USER_PATHS = NO;
				CLANG_ANALYZER_NONNULL = YES;
				CLANG_ANALYZER_NUMBER_OBJECT_CONVERSION = YES_AGGRESSIVE;
				CLANG_CXX_LANGUAGE_STANDARD = "gnu++14";
				CLANG_CXX_LIBRARY = "libc++";
				CLANG_ENABLE_MODULES = YES;
				CLANG_ENABLE_OBJC_ARC = YES;
				CLANG_ENABLE_OBJC_WEAK = YES;
				CLANG_WARN_BLOCK_CAPTURE_AUTORELEASING = YES;
				CLANG_WARN_BOOL_CONVERSION = YES;
				CLANG_WARN_COMMA = YES;
				CLANG_WARN_CONSTANT_CONVERSION = YES;
				CLANG_WARN_DEPRECATED_OBJC_IMPLEMENTATIONS = YES;
				CLANG_WARN_DIRECT_OBJC_ISA_USAGE = YES_ERROR;
				CLANG_WARN_DOCUMENTATION_COMMENTS = YES;
				CLANG_WARN_EMPTY_BODY = YES;
				CLANG_WARN_ENUM_CONVERSION = YES;
				CLANG_WARN_INFINITE_RECURSION = YES;
				CLANG_WARN_INT_CONVERSION = YES;
				CLANG_WARN_NON_LITERAL_NULL_CONVERSION = YES;
				CLANG_WARN_OBJC_IMPLICIT_RETAIN_SELF = YES;
				CLANG_WARN_OBJC_LITERAL_CONVERSION = YES;
				CLANG_WARN_OBJC_ROOT_CLASS = YES_ERROR;
				CLANG_WARN_QUOTED_INCLUDE_IN_FRAMEWORK_HEADER = YES;
				CLANG_WARN_RANGE_LOOP_ANALYSIS = YES;
				CLANG_WARN_STRICT_PROTOTYPES = YES;
				CLANG_WARN_SUSPICIOUS_MOVE = YES;
				CLANG_WARN_UNGUARDED_AVAILABILITY = YES_AGGRESSIVE;
				CLANG_WARN_UNREACHABLE_CODE = YES;
				CLANG_WARN__DUPLICATE_METHOD_MATCH = YES;
				COPY_PHASE_STRIP = NO;
				DEBUG_INFORMATION_FORMAT = dwarf;
				ENABLE_STRICT_OBJC_MSGSEND = YES;
				ENABLE_TESTABILITY = YES;
				GCC_C_LANGUAGE_STANDARD = gnu11;
				GCC_DYNAMIC_NO_PIC = NO;
				GCC_NO_COMMON_BLOCKS = YES;
				GCC_OPTIMIZATION_LEVEL = 0;
				GCC_PREPROCESSOR_DEFINITIONS = (
					"DEBUG=1",
					"$(inherited)",
				);
				GCC_WARN_64_TO_32_BIT_CONVERSION = YES;
				GCC_WARN_ABOUT_RETURN_TYPE = YES_ERROR;
				GCC_WARN_UNDECLARED_SELECTOR = YES;
				GCC_WARN_UNINITIALIZED_AUTOS = YES_AGGRESSIVE;
				GCC_WARN_UNUSED_FUNCTION = YES;
				GCC_WARN_UNUSED_VARIABLE = YES;
				IPHONEOS_DEPLOYMENT_TARGET = 14.4;
				MTL_ENABLE_DEBUG_INFO = INCLUDE_SOURCE;
				MTL_FAST_MATH = YES;
				ONLY_ACTIVE_ARCH = YES;
				SDKROOT = iphoneos;
				SWIFT_ACTIVE_COMPILATION_CONDITIONS = DEBUG;
				SWIFT_OPTIMIZATION_LEVEL = "-Onone";
			};
			name = Debug;
		};
		4BC14F822737B65900FC0153 /* Release */ = {
			isa = XCBuildConfiguration;
			buildSettings = {
				ALWAYS_SEARCH_USER_PATHS = NO;
				CLANG_ANALYZER_NONNULL = YES;
				CLANG_ANALYZER_NUMBER_OBJECT_CONVERSION = YES_AGGRESSIVE;
				CLANG_CXX_LANGUAGE_STANDARD = "gnu++14";
				CLANG_CXX_LIBRARY = "libc++";
				CLANG_ENABLE_MODULES = YES;
				CLANG_ENABLE_OBJC_ARC = YES;
				CLANG_ENABLE_OBJC_WEAK = YES;
				CLANG_WARN_BLOCK_CAPTURE_AUTORELEASING = YES;
				CLANG_WARN_BOOL_CONVERSION = YES;
				CLANG_WARN_COMMA = YES;
				CLANG_WARN_CONSTANT_CONVERSION = YES;
				CLANG_WARN_DEPRECATED_OBJC_IMPLEMENTATIONS = YES;
				CLANG_WARN_DIRECT_OBJC_ISA_USAGE = YES_ERROR;
				CLANG_WARN_DOCUMENTATION_COMMENTS = YES;
				CLANG_WARN_EMPTY_BODY = YES;
				CLANG_WARN_ENUM_CONVERSION = YES;
				CLANG_WARN_INFINITE_RECURSION = YES;
				CLANG_WARN_INT_CONVERSION = YES;
				CLANG_WARN_NON_LITERAL_NULL_CONVERSION = YES;
				CLANG_WARN_OBJC_IMPLICIT_RETAIN_SELF = YES;
				CLANG_WARN_OBJC_LITERAL_CONVERSION = YES;
				CLANG_WARN_OBJC_ROOT_CLASS = YES_ERROR;
				CLANG_WARN_QUOTED_INCLUDE_IN_FRAMEWORK_HEADER = YES;
				CLANG_WARN_RANGE_LOOP_ANALYSIS = YES;
				CLANG_WARN_STRICT_PROTOTYPES = YES;
				CLANG_WARN_SUSPICIOUS_MOVE = YES;
				CLANG_WARN_UNGUARDED_AVAILABILITY = YES_AGGRESSIVE;
				CLANG_WARN_UNREACHABLE_CODE = YES;
				CLANG_WARN__DUPLICATE_METHOD_MATCH = YES;
				COPY_PHASE_STRIP = NO;
				DEBUG_INFORMATION_FORMAT = "dwarf-with-dsym";
				ENABLE_NS_ASSERTIONS = NO;
				ENABLE_STRICT_OBJC_MSGSEND = YES;
				GCC_C_LANGUAGE_STANDARD = gnu11;
				GCC_NO_COMMON_BLOCKS = YES;
				GCC_WARN_64_TO_32_BIT_CONVERSION = YES;
				GCC_WARN_ABOUT_RETURN_TYPE = YES_ERROR;
				GCC_WARN_UNDECLARED_SELECTOR = YES;
				GCC_WARN_UNINITIALIZED_AUTOS = YES_AGGRESSIVE;
				GCC_WARN_UNUSED_FUNCTION = YES;
				GCC_WARN_UNUSED_VARIABLE = YES;
				IPHONEOS_DEPLOYMENT_TARGET = 14.4;
				MTL_ENABLE_DEBUG_INFO = NO;
				MTL_FAST_MATH = YES;
				SDKROOT = iphoneos;
				SWIFT_COMPILATION_MODE = wholemodule;
				SWIFT_OPTIMIZATION_LEVEL = "-O";
				VALIDATE_PRODUCT = YES;
			};
			name = Release;
		};
		4BC14F842737B65900FC0153 /* Debug */ = {
			isa = XCBuildConfiguration;
			buildSettings = {
				ASSETCATALOG_COMPILER_APPICON_NAME = AppIcon;
				ASSETCATALOG_COMPILER_GLOBAL_ACCENT_COLOR_NAME = AccentColor;
				CODE_SIGN_STYLE = Automatic;
				INFOPLIST_FILE = BullsAndCows/Info.plist;
				LD_RUNPATH_SEARCH_PATHS = (
					"$(inherited)",
					"@executable_path/Frameworks",
				);
				PRODUCT_BUNDLE_IDENTIFIER = Rd.BullsAndCows;
				PRODUCT_NAME = "$(TARGET_NAME)";
				SWIFT_VERSION = 5.0;
				TARGETED_DEVICE_FAMILY = "1,2";
			};
			name = Debug;
		};
		4BC14F852737B65900FC0153 /* Release */ = {
			isa = XCBuildConfiguration;
			buildSettings = {
				ASSETCATALOG_COMPILER_APPICON_NAME = AppIcon;
				ASSETCATALOG_COMPILER_GLOBAL_ACCENT_COLOR_NAME = AccentColor;
				CODE_SIGN_STYLE = Automatic;
				INFOPLIST_FILE = BullsAndCows/Info.plist;
				LD_RUNPATH_SEARCH_PATHS = (
					"$(inherited)",
					"@executable_path/Frameworks",
				);
				PRODUCT_BUNDLE_IDENTIFIER = Rd.BullsAndCows;
				PRODUCT_NAME = "$(TARGET_NAME)";
				SWIFT_VERSION = 5.0;
				TARGETED_DEVICE_FAMILY = "1,2";
			};
			name = Release;
		};
/* End XCBuildConfiguration section */

/* Begin XCConfigurationList section */
		4BC14F672737B65800FC0153 /* Build configuration list for PBXProject "BullsAndCows" */ = {
			isa = XCConfigurationList;
			buildConfigurations = (
				4BC14F812737B65900FC0153 /* Debug */,
				4BC14F822737B65900FC0153 /* Release */,
			);
			defaultConfigurationIsVisible = 0;
			defaultConfigurationName = Release;
		};
		4BC14F832737B65900FC0153 /* Build configuration list for PBXNativeTarget "BullsAndCows" */ = {
			isa = XCConfigurationList;
			buildConfigurations = (
				4BC14F842737B65900FC0153 /* Debug */,
				4BC14F852737B65900FC0153 /* Release */,
			);
			defaultConfigurationIsVisible = 0;
			defaultConfigurationName = Release;
		};
/* End XCConfigurationList section */

/* Begin XCVersionGroup section */
		4BC14F782737B65800FC0153 /* BullsAndCows.xcdatamodeld */ = {
			isa = XCVersionGroup;
			children = (
				4BC14F792737B65800FC0153 /* BullsAndCows.xcdatamodel */,
			);
			currentVersion = 4BC14F792737B65800FC0153 /* BullsAndCows.xcdatamodel */;
			path = BullsAndCows.xcdatamodeld;
			sourceTree = "<group>";
			versionGroupType = wrapper.xcdatamodel;
		};
/* End XCVersionGroup section */
	};
	rootObject = 4BC14F642737B65800FC0153 /* Project object */;
}
